
Microsoft Visual Studio Solution File, Format Version 12.00
# Visual Studio 14
VisualStudioVersion = 14.0.25420.1
MinimumVisualStudioVersion = 10.0.40219.1
Project("{2150E333-8FDC-42A3-9474-1A3956D46DE8}") = ".nuget", ".nuget", "{031367B4-3E59-4D2F-B549-7F4034C40138}"
	ProjectSection(SolutionItems) = preProject
		..\.nuget\NuGet.Config = ..\.nuget\NuGet.Config
	EndProjectSection
EndProject
Project("{FAE04EC0-301F-11D3-BF4B-00C04F79EFBC}") = "NND.CA.Web", "NND.CA.Web\NND.CA.Web.csproj", "{532030A0-8007-4689-8FCF-C6E3303F969E}"
	ProjectSection(ProjectDependencies) = postProject
		{F934046A-ADC0-45D8-BE26-E41107898F4D} = {F934046A-ADC0-45D8-BE26-E41107898F4D}
		{FD03C389-F1C4-41BB-834B-B001B68090BE} = {FD03C389-F1C4-41BB-834B-B001B68090BE}
	EndProjectSection
EndProject
Project("{2150E333-8FDC-42A3-9474-1A3956D46DE8}") = "Common", "Common", "{A547CF1B-22CE-4E49-BA21-D554400A116F}"
EndProject
Project("{2150E333-8FDC-42A3-9474-1A3956D46DE8}") = "Web", "Web", "{C47B6F76-7024-4C2C-9CA1-10BCE4B1BEB4}"
EndProject
Project("{FAE04EC0-301F-11D3-BF4B-00C04F79EFBC}") = "Sage.CA.SBS.ERP.Sage300.VPF.Web", "..\Columbus-VPF\VPF\Sage.CA.SBS.ERP.Sage300.VPF.Web.csproj", "{FD03C389-F1C4-41BB-834B-B001B68090BE}"
EndProject
Project("{FAE04EC0-301F-11D3-BF4B-00C04F79EFBC}") = "NND.CA.DV.Web", "..\Columbus-DV\DV\NND.CA.DV.Web.csproj", "{F934046A-ADC0-45D8-BE26-E41107898F4D}"
EndProject
Project("{FAE04EC0-301F-11D3-BF4B-00C04F79EFBC}") = "Sage.CA.SBS.ERP.Sage300.Common.Interfaces", "..\Columbus-Framework\Common\Sage.CA.SBS.ERP.Sage300.Common.Interfaces\Sage.CA.SBS.ERP.Sage300.Common.Interfaces.csproj", "{2DF9D920-E05A-44FE-91C7-4FCE7B3A2B28}"
EndProject
Project("{FAE04EC0-301F-11D3-BF4B-00C04F79EFBC}") = "Sage.CA.SBS.ERP.Sage300.Common.Utilities", "..\Columbus-Framework\Common\Sage.CA.SBS.ERP.Sage300.Common.Utilities\Sage.CA.SBS.ERP.Sage300.Common.Utilities.csproj", "{9CE25370-DC66-4D61-87B4-AED9A3DC7BD4}"
EndProject
Project("{2150E333-8FDC-42A3-9474-1A3956D46DE8}") = "DV", "DV", "{A9718C5F-6B06-42F0-9D62-64EE1396A2EB}"
EndProject
Project("{FAE04EC0-301F-11D3-BF4B-00C04F79EFBC}") = "NND.CA.DV.Models", "..\Columbus-DV\NND.CA.DV.Models\NND.CA.DV.Models.csproj", "{C8E1ECA7-E38A-48F4-9B3B-2707963F1BB1}"
EndProject
Project("{FAE04EC0-301F-11D3-BF4B-00C04F79EFBC}") = "NND.CA.DV.Services", "..\Columbus-DV\NND.CA.DV.Services\NND.CA.DV.Services.csproj", "{D383A9A4-F2BA-4B8E-B42F-D8EBD40EBBDC}"
EndProject
Project("{FAE04EC0-301F-11D3-BF4B-00C04F79EFBC}") = "NND.CA.DV.Resources", "..\Columbus-DV\NND.CA.DV.Resources\NND.CA.DV.Resources.csproj", "{C65CABFC-E31F-4C18-A569-AE7FAAAA2A23}"
EndProject
Global
	GlobalSection(SolutionConfigurationPlatforms) = preSolution
		Debug|Any CPU = Debug|Any CPU
		Debug|x86 = Debug|x86
		Debug-Dev|Any CPU = Debug-Dev|Any CPU
		Debug-Dev|x86 = Debug-Dev|x86
		Release|Any CPU = Release|Any CPU
		Release|x86 = Release|x86
		ReleaseDev|Any CPU = ReleaseDev|Any CPU
		ReleaseDev|x86 = ReleaseDev|x86
	EndGlobalSection
	GlobalSection(ProjectConfigurationPlatforms) = postSolution
		{532030A0-8007-4689-8FCF-C6E3303F969E}.Debug|Any CPU.ActiveCfg = Debug|Any CPU
		{532030A0-8007-4689-8FCF-C6E3303F969E}.Debug|Any CPU.Build.0 = Debug|Any CPU
		{532030A0-8007-4689-8FCF-C6E3303F969E}.Debug|x86.ActiveCfg = Debug|Any CPU
		{532030A0-8007-4689-8FCF-C6E3303F969E}.Debug|x86.Build.0 = Debug|Any CPU
		{532030A0-8007-4689-8FCF-C6E3303F969E}.Debug-Dev|Any CPU.ActiveCfg = Debug|Any CPU
		{532030A0-8007-4689-8FCF-C6E3303F969E}.Debug-Dev|Any CPU.Build.0 = Debug|Any CPU
		{532030A0-8007-4689-8FCF-C6E3303F969E}.Debug-Dev|x86.ActiveCfg = Debug|Any CPU
		{532030A0-8007-4689-8FCF-C6E3303F969E}.Debug-Dev|x86.Build.0 = Debug|Any CPU
		{532030A0-8007-4689-8FCF-C6E3303F969E}.Release|Any CPU.ActiveCfg = Release|Any CPU
		{532030A0-8007-4689-8FCF-C6E3303F969E}.Release|Any CPU.Build.0 = Release|Any CPU
		{532030A0-8007-4689-8FCF-C6E3303F969E}.Release|x86.ActiveCfg = Release|Any CPU
		{532030A0-8007-4689-8FCF-C6E3303F969E}.Release|x86.Build.0 = Release|Any CPU
		{532030A0-8007-4689-8FCF-C6E3303F969E}.ReleaseDev|Any CPU.ActiveCfg = Release|Any CPU
		{532030A0-8007-4689-8FCF-C6E3303F969E}.ReleaseDev|Any CPU.Build.0 = Release|Any CPU
		{532030A0-8007-4689-8FCF-C6E3303F969E}.ReleaseDev|x86.ActiveCfg = Release|Any CPU
		{532030A0-8007-4689-8FCF-C6E3303F969E}.ReleaseDev|x86.Build.0 = Release|Any CPU
		{FD03C389-F1C4-41BB-834B-B001B68090BE}.Debug|Any CPU.ActiveCfg = Debug|Any CPU
		{FD03C389-F1C4-41BB-834B-B001B68090BE}.Debug|Any CPU.Build.0 = Debug|Any CPU
		{FD03C389-F1C4-41BB-834B-B001B68090BE}.Debug|x86.ActiveCfg = Debug|Any CPU
		{FD03C389-F1C4-41BB-834B-B001B68090BE}.Debug|x86.Build.0 = Debug|Any CPU
		{FD03C389-F1C4-41BB-834B-B001B68090BE}.Debug-Dev|Any CPU.ActiveCfg = Debug|Any CPU
		{FD03C389-F1C4-41BB-834B-B001B68090BE}.Debug-Dev|Any CPU.Build.0 = Debug|Any CPU
		{FD03C389-F1C4-41BB-834B-B001B68090BE}.Debug-Dev|x86.ActiveCfg = Debug|Any CPU
		{FD03C389-F1C4-41BB-834B-B001B68090BE}.Debug-Dev|x86.Build.0 = Debug|Any CPU
		{FD03C389-F1C4-41BB-834B-B001B68090BE}.Release|Any CPU.ActiveCfg = Release|Any CPU
		{FD03C389-F1C4-41BB-834B-B001B68090BE}.Release|Any CPU.Build.0 = Release|Any CPU
		{FD03C389-F1C4-41BB-834B-B001B68090BE}.Release|x86.ActiveCfg = Release|Any CPU
		{FD03C389-F1C4-41BB-834B-B001B68090BE}.Release|x86.Build.0 = Release|Any CPU
		{FD03C389-F1C4-41BB-834B-B001B68090BE}.ReleaseDev|Any CPU.ActiveCfg = Release|Any CPU
		{FD03C389-F1C4-41BB-834B-B001B68090BE}.ReleaseDev|Any CPU.Build.0 = Release|Any CPU
		{FD03C389-F1C4-41BB-834B-B001B68090BE}.ReleaseDev|x86.ActiveCfg = Release|Any CPU
		{FD03C389-F1C4-41BB-834B-B001B68090BE}.ReleaseDev|x86.Build.0 = Release|Any CPU
		{F934046A-ADC0-45D8-BE26-E41107898F4D}.Debug|Any CPU.ActiveCfg = Debug|Any CPU
		{F934046A-ADC0-45D8-BE26-E41107898F4D}.Debug|Any CPU.Build.0 = Debug|Any CPU
		{F934046A-ADC0-45D8-BE26-E41107898F4D}.Debug|x86.ActiveCfg = Debug|Any CPU
		{F934046A-ADC0-45D8-BE26-E41107898F4D}.Debug|x86.Build.0 = Debug|Any CPU
		{F934046A-ADC0-45D8-BE26-E41107898F4D}.Debug-Dev|Any CPU.ActiveCfg = Debug|Any CPU
		{F934046A-ADC0-45D8-BE26-E41107898F4D}.Debug-Dev|Any CPU.Build.0 = Debug|Any CPU
		{F934046A-ADC0-45D8-BE26-E41107898F4D}.Debug-Dev|x86.ActiveCfg = Debug|Any CPU
		{F934046A-ADC0-45D8-BE26-E41107898F4D}.Debug-Dev|x86.Build.0 = Debug|Any CPU
		{F934046A-ADC0-45D8-BE26-E41107898F4D}.Release|Any CPU.ActiveCfg = Release|Any CPU
		{F934046A-ADC0-45D8-BE26-E41107898F4D}.Release|Any CPU.Build.0 = Release|Any CPU
		{F934046A-ADC0-45D8-BE26-E41107898F4D}.Release|x86.ActiveCfg = Release|Any CPU
		{F934046A-ADC0-45D8-BE26-E41107898F4D}.Release|x86.Build.0 = Release|Any CPU
		{F934046A-ADC0-45D8-BE26-E41107898F4D}.ReleaseDev|Any CPU.ActiveCfg = Release|Any CPU
		{F934046A-ADC0-45D8-BE26-E41107898F4D}.ReleaseDev|Any CPU.Build.0 = Release|Any CPU
		{F934046A-ADC0-45D8-BE26-E41107898F4D}.ReleaseDev|x86.ActiveCfg = Release|Any CPU
		{F934046A-ADC0-45D8-BE26-E41107898F4D}.ReleaseDev|x86.Build.0 = Release|Any CPU
		{2DF9D920-E05A-44FE-91C7-4FCE7B3A2B28}.Debug|Any CPU.ActiveCfg = Debug|Any CPU
		{2DF9D920-E05A-44FE-91C7-4FCE7B3A2B28}.Debug|Any CPU.Build.0 = Debug|Any CPU
		{2DF9D920-E05A-44FE-91C7-4FCE7B3A2B28}.Debug|x86.ActiveCfg = Debug|x86
		{2DF9D920-E05A-44FE-91C7-4FCE7B3A2B28}.Debug|x86.Build.0 = Debug|x86
		{2DF9D920-E05A-44FE-91C7-4FCE7B3A2B28}.Debug-Dev|Any CPU.ActiveCfg = Debug|Any CPU
		{2DF9D920-E05A-44FE-91C7-4FCE7B3A2B28}.Debug-Dev|Any CPU.Build.0 = Debug|Any CPU
		{2DF9D920-E05A-44FE-91C7-4FCE7B3A2B28}.Debug-Dev|x86.ActiveCfg = Debug|x86
		{2DF9D920-E05A-44FE-91C7-4FCE7B3A2B28}.Debug-Dev|x86.Build.0 = Debug|x86
		{2DF9D920-E05A-44FE-91C7-4FCE7B3A2B28}.Release|Any CPU.ActiveCfg = Release|Any CPU
		{2DF9D920-E05A-44FE-91C7-4FCE7B3A2B28}.Release|Any CPU.Build.0 = Release|Any CPU
		{2DF9D920-E05A-44FE-91C7-4FCE7B3A2B28}.Release|x86.ActiveCfg = Release|x86
		{2DF9D920-E05A-44FE-91C7-4FCE7B3A2B28}.Release|x86.Build.0 = Release|x86
		{2DF9D920-E05A-44FE-91C7-4FCE7B3A2B28}.ReleaseDev|Any CPU.ActiveCfg = ReleaseDev|Any CPU
		{2DF9D920-E05A-44FE-91C7-4FCE7B3A2B28}.ReleaseDev|Any CPU.Build.0 = ReleaseDev|Any CPU
		{2DF9D920-E05A-44FE-91C7-4FCE7B3A2B28}.ReleaseDev|x86.ActiveCfg = ReleaseDev|x86
		{2DF9D920-E05A-44FE-91C7-4FCE7B3A2B28}.ReleaseDev|x86.Build.0 = ReleaseDev|x86
		{9CE25370-DC66-4D61-87B4-AED9A3DC7BD4}.Debug|Any CPU.ActiveCfg = Debug|Any CPU
		{9CE25370-DC66-4D61-87B4-AED9A3DC7BD4}.Debug|Any CPU.Build.0 = Debug|Any CPU
		{9CE25370-DC66-4D61-87B4-AED9A3DC7BD4}.Debug|x86.ActiveCfg = Debug|x86
		{9CE25370-DC66-4D61-87B4-AED9A3DC7BD4}.Debug|x86.Build.0 = Debug|x86
		{9CE25370-DC66-4D61-87B4-AED9A3DC7BD4}.Debug-Dev|Any CPU.ActiveCfg = Debug|Any CPU
		{9CE25370-DC66-4D61-87B4-AED9A3DC7BD4}.Debug-Dev|Any CPU.Build.0 = Debug|Any CPU
		{9CE25370-DC66-4D61-87B4-AED9A3DC7BD4}.Debug-Dev|x86.ActiveCfg = Debug|x86
		{9CE25370-DC66-4D61-87B4-AED9A3DC7BD4}.Debug-Dev|x86.Build.0 = Debug|x86
		{9CE25370-DC66-4D61-87B4-AED9A3DC7BD4}.Release|Any CPU.ActiveCfg = Release|Any CPU
		{9CE25370-DC66-4D61-87B4-AED9A3DC7BD4}.Release|Any CPU.Build.0 = Release|Any CPU
		{9CE25370-DC66-4D61-87B4-AED9A3DC7BD4}.Release|x86.ActiveCfg = Release|x86
		{9CE25370-DC66-4D61-87B4-AED9A3DC7BD4}.Release|x86.Build.0 = Release|x86
		{9CE25370-DC66-4D61-87B4-AED9A3DC7BD4}.ReleaseDev|Any CPU.ActiveCfg = ReleaseDev|Any CPU
		{9CE25370-DC66-4D61-87B4-AED9A3DC7BD4}.ReleaseDev|Any CPU.Build.0 = ReleaseDev|Any CPU
		{9CE25370-DC66-4D61-87B4-AED9A3DC7BD4}.ReleaseDev|x86.ActiveCfg = ReleaseDev|x86
		{9CE25370-DC66-4D61-87B4-AED9A3DC7BD4}.ReleaseDev|x86.Build.0 = ReleaseDev|x86
		{C8E1ECA7-E38A-48F4-9B3B-2707963F1BB1}.Debug|Any CPU.ActiveCfg = Debug|Any CPU
		{C8E1ECA7-E38A-48F4-9B3B-2707963F1BB1}.Debug|Any CPU.Build.0 = Debug|Any CPU
		{C8E1ECA7-E38A-48F4-9B3B-2707963F1BB1}.Debug|x86.ActiveCfg = Debug|Any CPU
		{C8E1ECA7-E38A-48F4-9B3B-2707963F1BB1}.Debug|x86.Build.0 = Debug|Any CPU
		{C8E1ECA7-E38A-48F4-9B3B-2707963F1BB1}.Debug-Dev|Any CPU.ActiveCfg = Debug|Any CPU
		{C8E1ECA7-E38A-48F4-9B3B-2707963F1BB1}.Debug-Dev|Any CPU.Build.0 = Debug|Any CPU
		{C8E1ECA7-E38A-48F4-9B3B-2707963F1BB1}.Debug-Dev|x86.ActiveCfg = Debug|Any CPU
		{C8E1ECA7-E38A-48F4-9B3B-2707963F1BB1}.Debug-Dev|x86.Build.0 = Debug|Any CPU
		{C8E1ECA7-E38A-48F4-9B3B-2707963F1BB1}.Release|Any CPU.ActiveCfg = Release|Any CPU
		{C8E1ECA7-E38A-48F4-9B3B-2707963F1BB1}.Release|Any CPU.Build.0 = Release|Any CPU
		{C8E1ECA7-E38A-48F4-9B3B-2707963F1BB1}.Release|x86.ActiveCfg = Release|Any CPU
		{C8E1ECA7-E38A-48F4-9B3B-2707963F1BB1}.Release|x86.Build.0 = Release|Any CPU
		{C8E1ECA7-E38A-48F4-9B3B-2707963F1BB1}.ReleaseDev|Any CPU.ActiveCfg = Release|Any CPU
		{C8E1ECA7-E38A-48F4-9B3B-2707963F1BB1}.ReleaseDev|Any CPU.Build.0 = Release|Any CPU
		{C8E1ECA7-E38A-48F4-9B3B-2707963F1BB1}.ReleaseDev|x86.ActiveCfg = Release|Any CPU
		{C8E1ECA7-E38A-48F4-9B3B-2707963F1BB1}.ReleaseDev|x86.Build.0 = Release|Any CPU
		{D383A9A4-F2BA-4B8E-B42F-D8EBD40EBBDC}.Debug|Any CPU.ActiveCfg = Debug|Any CPU
		{D383A9A4-F2BA-4B8E-B42F-D8EBD40EBBDC}.Debug|Any CPU.Build.0 = Debug|Any CPU
		{D383A9A4-F2BA-4B8E-B42F-D8EBD40EBBDC}.Debug|x86.ActiveCfg = Debug|Any CPU
		{D383A9A4-F2BA-4B8E-B42F-D8EBD40EBBDC}.Debug|x86.Build.0 = Debug|Any CPU
		{D383A9A4-F2BA-4B8E-B42F-D8EBD40EBBDC}.Debug-Dev|Any CPU.ActiveCfg = Debug|Any CPU
		{D383A9A4-F2BA-4B8E-B42F-D8EBD40EBBDC}.Debug-Dev|Any CPU.Build.0 = Debug|Any CPU
		{D383A9A4-F2BA-4B8E-B42F-D8EBD40EBBDC}.Debug-Dev|x86.ActiveCfg = Debug|Any CPU
		{D383A9A4-F2BA-4B8E-B42F-D8EBD40EBBDC}.Debug-Dev|x86.Build.0 = Debug|Any CPU
		{D383A9A4-F2BA-4B8E-B42F-D8EBD40EBBDC}.Release|Any CPU.ActiveCfg = Release|Any CPU
		{D383A9A4-F2BA-4B8E-B42F-D8EBD40EBBDC}.Release|Any CPU.Build.0 = Release|Any CPU
		{D383A9A4-F2BA-4B8E-B42F-D8EBD40EBBDC}.Release|x86.ActiveCfg = Release|Any CPU
		{D383A9A4-F2BA-4B8E-B42F-D8EBD40EBBDC}.Release|x86.Build.0 = Release|Any CPU
		{D383A9A4-F2BA-4B8E-B42F-D8EBD40EBBDC}.ReleaseDev|Any CPU.ActiveCfg = Release|Any CPU
		{D383A9A4-F2BA-4B8E-B42F-D8EBD40EBBDC}.ReleaseDev|Any CPU.Build.0 = Release|Any CPU
		{D383A9A4-F2BA-4B8E-B42F-D8EBD40EBBDC}.ReleaseDev|x86.ActiveCfg = Release|Any CPU
		{D383A9A4-F2BA-4B8E-B42F-D8EBD40EBBDC}.ReleaseDev|x86.Build.0 = Release|Any CPU
		{C65CABFC-E31F-4C18-A569-AE7FAAAA2A23}.Debug|Any CPU.ActiveCfg = Debug|Any CPU
		{C65CABFC-E31F-4C18-A569-AE7FAAAA2A23}.Debug|Any CPU.Build.0 = Debug|Any CPU
		{C65CABFC-E31F-4C18-A569-AE7FAAAA2A23}.Debug|x86.ActiveCfg = Debug|Any CPU
		{C65CABFC-E31F-4C18-A569-AE7FAAAA2A23}.Debug|x86.Build.0 = Debug|Any CPU
		{C65CABFC-E31F-4C18-A569-AE7FAAAA2A23}.Debug-Dev|Any CPU.ActiveCfg = Debug|Any CPU
		{C65CABFC-E31F-4C18-A569-AE7FAAAA2A23}.Debug-Dev|Any CPU.Build.0 = Debug|Any CPU
		{C65CABFC-E31F-4C18-A569-AE7FAAAA2A23}.Debug-Dev|x86.ActiveCfg = Debug|Any CPU
		{C65CABFC-E31F-4C18-A569-AE7FAAAA2A23}.Debug-Dev|x86.Build.0 = Debug|Any CPU
		{C65CABFC-E31F-4C18-A569-AE7FAAAA2A23}.Release|Any CPU.ActiveCfg = Release|Any CPU
		{C65CABFC-E31F-4C18-A569-AE7FAAAA2A23}.Release|Any CPU.Build.0 = Release|Any CPU
		{C65CABFC-E31F-4C18-A569-AE7FAAAA2A23}.Release|x86.ActiveCfg = Release|Any CPU
		{C65CABFC-E31F-4C18-A569-AE7FAAAA2A23}.Release|x86.Build.0 = Release|Any CPU
		{C65CABFC-E31F-4C18-A569-AE7FAAAA2A23}.ReleaseDev|Any CPU.ActiveCfg = Release|Any CPU
		{C65CABFC-E31F-4C18-A569-AE7FAAAA2A23}.ReleaseDev|Any CPU.Build.0 = Release|Any CPU
		{C65CABFC-E31F-4C18-A569-AE7FAAAA2A23}.ReleaseDev|x86.ActiveCfg = Release|Any CPU
		{C65CABFC-E31F-4C18-A569-AE7FAAAA2A23}.ReleaseDev|x86.Build.0 = Release|Any CPU
	EndGlobalSection
	GlobalSection(SolutionProperties) = preSolution
		HideSolutionNode = FALSE
	EndGlobalSection
	GlobalSection(NestedProjects) = preSolution
		{532030A0-8007-4689-8FCF-C6E3303F969E} = {C47B6F76-7024-4C2C-9CA1-10BCE4B1BEB4}
		{FD03C389-F1C4-41BB-834B-B001B68090BE} = {C47B6F76-7024-4C2C-9CA1-10BCE4B1BEB4}
		{F934046A-ADC0-45D8-BE26-E41107898F4D} = {C47B6F76-7024-4C2C-9CA1-10BCE4B1BEB4}
		{2DF9D920-E05A-44FE-91C7-4FCE7B3A2B28} = {A547CF1B-22CE-4E49-BA21-D554400A116F}
		{9CE25370-DC66-4D61-87B4-AED9A3DC7BD4} = {A547CF1B-22CE-4E49-BA21-D554400A116F}
		{C8E1ECA7-E38A-48F4-9B3B-2707963F1BB1} = {A9718C5F-6B06-42F0-9D62-64EE1396A2EB}
		{D383A9A4-F2BA-4B8E-B42F-D8EBD40EBBDC} = {A9718C5F-6B06-42F0-9D62-64EE1396A2EB}
		{C65CABFC-E31F-4C18-A569-AE7FAAAA2A23} = {A9718C5F-6B06-42F0-9D62-64EE1396A2EB}
	EndGlobalSection
EndGlobal
